// !$*UTF8*$!
{
	archiveVersion = 1;
	classes = {
	};
	objectVersion = 46;
	objects = {

/* Begin PBXBuildFile section */
		B425BCA31E8260F800C5925B /* AppDelegate.swift in Sources */ = {isa = PBXBuildFile; fileRef = B425BCA21E8260F800C5925B /* AppDelegate.swift */; };
		B425BCA51E8260F900C5925B /* ViewController.swift in Sources */ = {isa = PBXBuildFile; fileRef = B425BCA41E8260F900C5925B /* ViewController.swift */; };
		B425BCA81E8260F900C5925B /* Main.storyboard in Resources */ = {isa = PBXBuildFile; fileRef = B425BCA61E8260F900C5925B /* Main.storyboard */; };
		B425BCAD1E8260F900C5925B /* LaunchScreen.storyboard in Resources */ = {isa = PBXBuildFile; fileRef = B425BCAB1E8260F900C5925B /* LaunchScreen.storyboard */; };
		B425BCB81E8260F900C5925B /* Another_Music_Player_AppTests.swift in Sources */ = {isa = PBXBuildFile; fileRef = B425BCB71E8260F900C5925B /* Another_Music_Player_AppTests.swift */; };
		B425BCC31E8260F900C5925B /* Another_Music_Player_AppUITests.swift in Sources */ = {isa = PBXBuildFile; fileRef = B425BCC21E8260F900C5925B /* Another_Music_Player_AppUITests.swift */; };
		B425BCD11E8262E200C5925B /* LoginViewController.swift in Sources */ = {isa = PBXBuildFile; fileRef = B425BCD01E8262E200C5925B /* LoginViewController.swift */; };
		B425BCD31E8269FA00C5925B /* SongListViewController.swift in Sources */ = {isa = PBXBuildFile; fileRef = B425BCD21E8269FA00C5925B /* SongListViewController.swift */; };
		B425BCD51E826DAD00C5925B /* ProfileViewController.swift in Sources */ = {isa = PBXBuildFile; fileRef = B425BCD41E826DAD00C5925B /* ProfileViewController.swift */; };
		B425BCD71E826DBF00C5925B /* SongPlayViewController.swift in Sources */ = {isa = PBXBuildFile; fileRef = B425BCD61E826DBF00C5925B /* SongPlayViewController.swift */; };
		B425BCDF1E827A1F00C5925B /* default.mp3 in Resources */ = {isa = PBXBuildFile; fileRef = B425BCDE1E827A1F00C5925B /* default.mp3 */; };
		B425BCEC1E82882400C5925B /* BlowYourMind.png in Resources */ = {isa = PBXBuildFile; fileRef = B425BCE21E82882400C5925B /* BlowYourMind.png */; };
		B425BCED1E82882500C5925B /* ColdWater.png in Resources */ = {isa = PBXBuildFile; fileRef = B425BCE31E82882400C5925B /* ColdWater.png */; };
		B425BCEE1E82882500C5925B /* ComeToMe.png in Resources */ = {isa = PBXBuildFile; fileRef = B425BCE41E82882400C5925B /* ComeToMe.png */; };
		B425BCEF1E82882500C5925B /* Hello.png in Resources */ = {isa = PBXBuildFile; fileRef = B425BCE51E82882400C5925B /* Hello.png */; };
		B425BCF01E82882500C5925B /* KeepitMello.png in Resources */ = {isa = PBXBuildFile; fileRef = B425BCE61E82882400C5925B /* KeepitMello.png */; };
		B425BCF11E82882500C5925B /* LoveonMe.png in Resources */ = {isa = PBXBuildFile; fileRef = B425BCE71E82882400C5925B /* LoveonMe.png */; };
		B425BCF21E82882500C5925B /* OneNightOnly.png in Resources */ = {isa = PBXBuildFile; fileRef = B425BCE81E82882400C5925B /* OneNightOnly.png */; };
		B425BCF31E82882500C5925B /* ThinkingAboutYou.png in Resources */ = {isa = PBXBuildFile; fileRef = B425BCE91E82882400C5925B /* ThinkingAboutYou.png */; };
		B425BCF41E82882500C5925B /* Wants.png in Resources */ = {isa = PBXBuildFile; fileRef = B425BCEA1E82882400C5925B /* Wants.png */; };
		B425BCF51E82882500C5925B /* WhereThemGirlsAt.png in Resources */ = {isa = PBXBuildFile; fileRef = B425BCEB1E82882400C5925B /* WhereThemGirlsAt.png */; };
		B425BCF91E82885700C5925B /* BlowYourMind.mp3 in Resources */ = {isa = PBXBuildFile; fileRef = B425BCF61E82885700C5925B /* BlowYourMind.mp3 */; };
		B425BCFA1E82885700C5925B /* ColdWater.mp3 in Resources */ = {isa = PBXBuildFile; fileRef = B425BCF71E82885700C5925B /* ColdWater.mp3 */; };
		B425BCFB1E82885700C5925B /* ComeToMe.mp3 in Resources */ = {isa = PBXBuildFile; fileRef = B425BCF81E82885700C5925B /* ComeToMe.mp3 */; };
		B425BD031E82885D00C5925B /* Hello.mp3 in Resources */ = {isa = PBXBuildFile; fileRef = B425BCFC1E82885D00C5925B /* Hello.mp3 */; };
		B425BD041E82885D00C5925B /* KeepitMello.mp3 in Resources */ = {isa = PBXBuildFile; fileRef = B425BCFD1E82885D00C5925B /* KeepitMello.mp3 */; };
		B425BD051E82885D00C5925B /* LoveonMe.mp3 in Resources */ = {isa = PBXBuildFile; fileRef = B425BCFE1E82885D00C5925B /* LoveonMe.mp3 */; };
		B425BD061E82885D00C5925B /* OneNightOnly.mp3 in Resources */ = {isa = PBXBuildFile; fileRef = B425BCFF1E82885D00C5925B /* OneNightOnly.mp3 */; };
		B425BD071E82885D00C5925B /* ThinkingAboutYou.mp3 in Resources */ = {isa = PBXBuildFile; fileRef = B425BD001E82885D00C5925B /* ThinkingAboutYou.mp3 */; };
		B425BD081E82885D00C5925B /* Wants.mp3 in Resources */ = {isa = PBXBuildFile; fileRef = B425BD011E82885D00C5925B /* Wants.mp3 */; };
		B425BD091E82885D00C5925B /* WhereThemGirlsAt.mp3 in Resources */ = {isa = PBXBuildFile; fileRef = B425BD021E82885D00C5925B /* WhereThemGirlsAt.mp3 */; };
/* End PBXBuildFile section */

/* Begin PBXContainerItemProxy section */
		B425BCB41E8260F900C5925B /* PBXContainerItemProxy */ = {
			isa = PBXContainerItemProxy;
			containerPortal = B425BC971E8260F800C5925B /* Project object */;
			proxyType = 1;
			remoteGlobalIDString = B425BC9E1E8260F800C5925B;
			remoteInfo = Another_Music_Player_App;
		};
		B425BCBF1E8260F900C5925B /* PBXContainerItemProxy */ = {
			isa = PBXContainerItemProxy;
			containerPortal = B425BC971E8260F800C5925B /* Project object */;
			proxyType = 1;
			remoteGlobalIDString = B425BC9E1E8260F800C5925B;
			remoteInfo = Another_Music_Player_App;
		};
/* End PBXContainerItemProxy section */

/* Begin PBXFileReference section */
		B425BC9F1E8260F800C5925B /* Another_Music_Player_App.app */ = {isa = PBXFileReference; explicitFileType = wrapper.application; includeInIndex = 0; path = Another_Music_Player_App.app; sourceTree = BUILT_PRODUCTS_DIR; };
		B425BCA21E8260F800C5925B /* AppDelegate.swift */ = {isa = PBXFileReference; lastKnownFileType = sourcecode.swift; path = AppDelegate.swift; sourceTree = "<group>"; };
		B425BCA41E8260F900C5925B /* ViewController.swift */ = {isa = PBXFileReference; lastKnownFileType = sourcecode.swift; path = ViewController.swift; sourceTree = "<group>"; };
		B425BCA71E8260F900C5925B /* Base */ = {isa = PBXFileReference; lastKnownFileType = file.storyboard; name = Base; path = Base.lproj/Main.storyboard; sourceTree = "<group>"; };
		B425BCAC1E8260F900C5925B /* Base */ = {isa = PBXFileReference; lastKnownFileType = file.storyboard; name = Base; path = Base.lproj/LaunchScreen.storyboard; sourceTree = "<group>"; };
		B425BCAE1E8260F900C5925B /* Info.plist */ = {isa = PBXFileReference; lastKnownFileType = text.plist.xml; path = Info.plist; sourceTree = "<group>"; };
		B425BCB31E8260F900C5925B /* Another_Music_Player_AppTests.xctest */ = {isa = PBXFileReference; explicitFileType = wrapper.cfbundle; includeInIndex = 0; path = Another_Music_Player_AppTests.xctest; sourceTree = BUILT_PRODUCTS_DIR; };
		B425BCB71E8260F900C5925B /* Another_Music_Player_AppTests.swift */ = {isa = PBXFileReference; lastKnownFileType = sourcecode.swift; path = Another_Music_Player_AppTests.swift; sourceTree = "<group>"; };
		B425BCB91E8260F900C5925B /* Info.plist */ = {isa = PBXFileReference; lastKnownFileType = text.plist.xml; path = Info.plist; sourceTree = "<group>"; };
		B425BCBE1E8260F900C5925B /* Another_Music_Player_AppUITests.xctest */ = {isa = PBXFileReference; explicitFileType = wrapper.cfbundle; includeInIndex = 0; path = Another_Music_Player_AppUITests.xctest; sourceTree = BUILT_PRODUCTS_DIR; };
		B425BCC21E8260F900C5925B /* Another_Music_Player_AppUITests.swift */ = {isa = PBXFileReference; lastKnownFileType = sourcecode.swift; path = Another_Music_Player_AppUITests.swift; sourceTree = "<group>"; };
		B425BCC41E8260F900C5925B /* Info.plist */ = {isa = PBXFileReference; lastKnownFileType = text.plist.xml; path = Info.plist; sourceTree = "<group>"; };
		B425BCD01E8262E200C5925B /* LoginViewController.swift */ = {isa = PBXFileReference; fileEncoding = 4; lastKnownFileType = sourcecode.swift; name = LoginViewController.swift; path = ../LoginViewController.swift; sourceTree = "<group>"; };
		B425BCD21E8269FA00C5925B /* SongListViewController.swift */ = {isa = PBXFileReference; fileEncoding = 4; lastKnownFileType = sourcecode.swift; path = SongListViewController.swift; sourceTree = "<group>"; };
		B425BCD41E826DAD00C5925B /* ProfileViewController.swift */ = {isa = PBXFileReference; fileEncoding = 4; lastKnownFileType = sourcecode.swift; path = ProfileViewController.swift; sourceTree = "<group>"; };
		B425BCD61E826DBF00C5925B /* SongPlayViewController.swift */ = {isa = PBXFileReference; fileEncoding = 4; lastKnownFileType = sourcecode.swift; path = SongPlayViewController.swift; sourceTree = "<group>"; };
		B425BCDE1E827A1F00C5925B /* default.mp3 */ = {isa = PBXFileReference; lastKnownFileType = audio.mp3; name = default.mp3; path = ../../../../LAB/Section5/Audio/Audio/default.mp3; sourceTree = "<group>"; };
		B425BCE21E82882400C5925B /* BlowYourMind.png */ = {isa = PBXFileReference; lastKnownFileType = image.png; name = BlowYourMind.png; path = ../../../../../Downloads/EngSong/CoverPhoto/BlowYourMind.png; sourceTree = "<group>"; };
		B425BCE31E82882400C5925B /* ColdWater.png */ = {isa = PBXFileReference; lastKnownFileType = image.png; name = ColdWater.png; path = ../../../../../Downloads/EngSong/CoverPhoto/ColdWater.png; sourceTree = "<group>"; };
		B425BCE41E82882400C5925B /* ComeToMe.png */ = {isa = PBXFileReference; lastKnownFileType = image.png; name = ComeToMe.png; path = ../../../../../Downloads/EngSong/CoverPhoto/ComeToMe.png; sourceTree = "<group>"; };
		B425BCE51E82882400C5925B /* Hello.png */ = {isa = PBXFileReference; lastKnownFileType = image.png; name = Hello.png; path = ../../../../../Downloads/EngSong/CoverPhoto/Hello.png; sourceTree = "<group>"; };
		B425BCE61E82882400C5925B /* KeepitMello.png */ = {isa = PBXFileReference; lastKnownFileType = image.png; name = KeepitMello.png; path = ../../../../../Downloads/EngSong/CoverPhoto/KeepitMello.png; sourceTree = "<group>"; };
		B425BCE71E82882400C5925B /* LoveonMe.png */ = {isa = PBXFileReference; lastKnownFileType = image.png; name = LoveonMe.png; path = ../../../../../Downloads/EngSong/CoverPhoto/LoveonMe.png; sourceTree = "<group>"; };
		B425BCE81E82882400C5925B /* OneNightOnly.png */ = {isa = PBXFileReference; lastKnownFileType = image.png; name = OneNightOnly.png; path = ../../../../../Downloads/EngSong/CoverPhoto/OneNightOnly.png; sourceTree = "<group>"; };
		B425BCE91E82882400C5925B /* ThinkingAboutYou.png */ = {isa = PBXFileReference; lastKnownFileType = image.png; name = ThinkingAboutYou.png; path = ../../../../../Downloads/EngSong/CoverPhoto/ThinkingAboutYou.png; sourceTree = "<group>"; };
		B425BCEA1E82882400C5925B /* Wants.png */ = {isa = PBXFileReference; lastKnownFileType = image.png; name = Wants.png; path = ../../../../../Downloads/EngSong/CoverPhoto/Wants.png; sourceTree = "<group>"; };
		B425BCEB1E82882400C5925B /* WhereThemGirlsAt.png */ = {isa = PBXFileReference; lastKnownFileType = image.png; name = WhereThemGirlsAt.png; path = ../../../../../Downloads/EngSong/CoverPhoto/WhereThemGirlsAt.png; sourceTree = "<group>"; };
		B425BCF61E82885700C5925B /* BlowYourMind.mp3 */ = {isa = PBXFileReference; lastKnownFileType = audio.mp3; name = BlowYourMind.mp3; path = ../../../../../Downloads/EngSong/BlowYourMind.mp3; sourceTree = "<group>"; };
		B425BCF71E82885700C5925B /* ColdWater.mp3 */ = {isa = PBXFileReference; lastKnownFileType = audio.mp3; name = ColdWater.mp3; path = ../../../../../Downloads/EngSong/ColdWater.mp3; sourceTree = "<group>"; };
		B425BCF81E82885700C5925B /* ComeToMe.mp3 */ = {isa = PBXFileReference; lastKnownFileType = audio.mp3; name = ComeToMe.mp3; path = ../../../../../Downloads/EngSong/ComeToMe.mp3; sourceTree = "<group>"; };
		B425BCFC1E82885D00C5925B /* Hello.mp3 */ = {isa = PBXFileReference; lastKnownFileType = audio.mp3; name = Hello.mp3; path = ../../../../../Downloads/EngSong/Hello.mp3; sourceTree = "<group>"; };
		B425BCFD1E82885D00C5925B /* KeepitMello.mp3 */ = {isa = PBXFileReference; lastKnownFileType = audio.mp3; name = KeepitMello.mp3; path = ../../../../../Downloads/EngSong/KeepitMello.mp3; sourceTree = "<group>"; };
		B425BCFE1E82885D00C5925B /* LoveonMe.mp3 */ = {isa = PBXFileReference; lastKnownFileType = audio.mp3; name = LoveonMe.mp3; path = ../../../../../Downloads/EngSong/LoveonMe.mp3; sourceTree = "<group>"; };
		B425BCFF1E82885D00C5925B /* OneNightOnly.mp3 */ = {isa = PBXFileReference; lastKnownFileType = audio.mp3; name = OneNightOnly.mp3; path = ../../../../../Downloads/EngSong/OneNightOnly.mp3; sourceTree = "<group>"; };
		B425BD001E82885D00C5925B /* ThinkingAboutYou.mp3 */ = {isa = PBXFileReference; lastKnownFileType = audio.mp3; name = ThinkingAboutYou.mp3; path = ../../../../../Downloads/EngSong/ThinkingAboutYou.mp3; sourceTree = "<group>"; };
		B425BD011E82885D00C5925B /* Wants.mp3 */ = {isa = PBXFileReference; lastKnownFileType = audio.mp3; name = Wants.mp3; path = ../../../../../Downloads/EngSong/Wants.mp3; sourceTree = "<group>"; };
		B425BD021E82885D00C5925B /* WhereThemGirlsAt.mp3 */ = {isa = PBXFileReference; lastKnownFileType = audio.mp3; name = WhereThemGirlsAt.mp3; path = ../../../../../Downloads/EngSong/WhereThemGirlsAt.mp3; sourceTree = "<group>"; };
/* End PBXFileReference section */

/* Begin PBXFrameworksBuildPhase section */
		B425BC9C1E8260F800C5925B /* Frameworks */ = {
			isa = PBXFrameworksBuildPhase;
			buildActionMask = 2147483647;
			files = (
			);
			runOnlyForDeploymentPostprocessing = 0;
		};
		B425BCB01E8260F900C5925B /* Frameworks */ = {
			isa = PBXFrameworksBuildPhase;
			buildActionMask = 2147483647;
			files = (
			);
			runOnlyForDeploymentPostprocessing = 0;
		};
		B425BCBB1E8260F900C5925B /* Frameworks */ = {
			isa = PBXFrameworksBuildPhase;
			buildActionMask = 2147483647;
			files = (
			);
			runOnlyForDeploymentPostprocessing = 0;
		};
/* End PBXFrameworksBuildPhase section */

/* Begin PBXGroup section */
		B425BC961E8260F800C5925B = {
			isa = PBXGroup;
			children = (
				B425BCA11E8260F800C5925B /* Another_Music_Player_App */,
				B425BCB61E8260F900C5925B /* Another_Music_Player_AppTests */,
				B425BCC11E8260F900C5925B /* Another_Music_Player_AppUITests */,
				B425BCA01E8260F800C5925B /* Products */,
			);
			sourceTree = "<group>";
		};
		B425BCA01E8260F800C5925B /* Products */ = {
			isa = PBXGroup;
			children = (
				B425BC9F1E8260F800C5925B /* Another_Music_Player_App.app */,
				B425BCB31E8260F900C5925B /* Another_Music_Player_AppTests.xctest */,
				B425BCBE1E8260F900C5925B /* Another_Music_Player_AppUITests.xctest */,
			);
			name = Products;
			sourceTree = "<group>";
		};
		B425BCA11E8260F800C5925B /* Another_Music_Player_App */ = {
			isa = PBXGroup;
			children = (
				B425BCE21E82882400C5925B /* BlowYourMind.png */,
				B425BCE31E82882400C5925B /* ColdWater.png */,
				B425BCE41E82882400C5925B /* ComeToMe.png */,
				B425BCE51E82882400C5925B /* Hello.png */,
				B425BCE61E82882400C5925B /* KeepitMello.png */,
				B425BCE71E82882400C5925B /* LoveonMe.png */,
				B425BCE81E82882400C5925B /* OneNightOnly.png */,
				B425BCE91E82882400C5925B /* ThinkingAboutYou.png */,
				B425BCEA1E82882400C5925B /* Wants.png */,
				B425BCEB1E82882400C5925B /* WhereThemGirlsAt.png */,
				B425BCF61E82885700C5925B /* BlowYourMind.mp3 */,
				B425BCF71E82885700C5925B /* ColdWater.mp3 */,
				B425BCF81E82885700C5925B /* ComeToMe.mp3 */,
				B425BCFC1E82885D00C5925B /* Hello.mp3 */,
				B425BCFD1E82885D00C5925B /* KeepitMello.mp3 */,
				B425BCFE1E82885D00C5925B /* LoveonMe.mp3 */,
				B425BCFF1E82885D00C5925B /* OneNightOnly.mp3 */,
				B425BD001E82885D00C5925B /* ThinkingAboutYou.mp3 */,
				B425BD011E82885D00C5925B /* Wants.mp3 */,
				B425BD021E82885D00C5925B /* WhereThemGirlsAt.mp3 */,
				B425BCD01E8262E200C5925B /* LoginViewController.swift */,
				B425BCA21E8260F800C5925B /* AppDelegate.swift */,
				B425BCA41E8260F900C5925B /* ViewController.swift */,
				B425BCD41E826DAD00C5925B /* ProfileViewController.swift */,
				B425BCD61E826DBF00C5925B /* SongPlayViewController.swift */,
				B425BCA61E8260F900C5925B /* Main.storyboard */,
				B425BCAB1E8260F900C5925B /* LaunchScreen.storyboard */,
				B425BCAE1E8260F900C5925B /* Info.plist */,
				B425BCD21E8269FA00C5925B /* SongListViewController.swift */,
				B425BCDE1E827A1F00C5925B /* default.mp3 */,
			);
			path = Another_Music_Player_App;
			sourceTree = "<group>";
		};
		B425BCB61E8260F900C5925B /* Another_Music_Player_AppTests */ = {
			isa = PBXGroup;
			children = (
				B425BCB71E8260F900C5925B /* Another_Music_Player_AppTests.swift */,
				B425BCB91E8260F900C5925B /* Info.plist */,
			);
			path = Another_Music_Player_AppTests;
			sourceTree = "<group>";
		};
		B425BCC11E8260F900C5925B /* Another_Music_Player_AppUITests */ = {
			isa = PBXGroup;
			children = (
				B425BCC21E8260F900C5925B /* Another_Music_Player_AppUITests.swift */,
				B425BCC41E8260F900C5925B /* Info.plist */,
			);
			path = Another_Music_Player_AppUITests;
			sourceTree = "<group>";
		};
/* End PBXGroup section */

/* Begin PBXNativeTarget section */
		B425BC9E1E8260F800C5925B /* Another_Music_Player_App */ = {
			isa = PBXNativeTarget;
			buildConfigurationList = B425BCC71E8260F900C5925B /* Build configuration list for PBXNativeTarget "Another_Music_Player_App" */;
			buildPhases = (
				B425BC9B1E8260F800C5925B /* Sources */,
				B425BC9C1E8260F800C5925B /* Frameworks */,
				B425BC9D1E8260F800C5925B /* Resources */,
			);
			buildRules = (
			);
			dependencies = (
			);
			name = Another_Music_Player_App;
			productName = Another_Music_Player_App;
			productReference = B425BC9F1E8260F800C5925B /* Another_Music_Player_App.app */;
			productType = "com.apple.product-type.application";
		};
		B425BCB21E8260F900C5925B /* Another_Music_Player_AppTests */ = {
			isa = PBXNativeTarget;
			buildConfigurationList = B425BCCA1E8260F900C5925B /* Build configuration list for PBXNativeTarget "Another_Music_Player_AppTests" */;
			buildPhases = (
				B425BCAF1E8260F900C5925B /* Sources */,
				B425BCB01E8260F900C5925B /* Frameworks */,
				B425BCB11E8260F900C5925B /* Resources */,
			);
			buildRules = (
			);
			dependencies = (
				B425BCB51E8260F900C5925B /* PBXTargetDependency */,
			);
			name = Another_Music_Player_AppTests;
			productName = Another_Music_Player_AppTests;
			productReference = B425BCB31E8260F900C5925B /* Another_Music_Player_AppTests.xctest */;
			productType = "com.apple.product-type.bundle.unit-test";
		};
		B425BCBD1E8260F900C5925B /* Another_Music_Player_AppUITests */ = {
			isa = PBXNativeTarget;
			buildConfigurationList = B425BCCD1E8260F900C5925B /* Build configuration list for PBXNativeTarget "Another_Music_Player_AppUITests" */;
			buildPhases = (
				B425BCBA1E8260F900C5925B /* Sources */,
				B425BCBB1E8260F900C5925B /* Frameworks */,
				B425BCBC1E8260F900C5925B /* Resources */,
			);
			buildRules = (
			);
			dependencies = (
				B425BCC01E8260F900C5925B /* PBXTargetDependency */,
			);
			name = Another_Music_Player_AppUITests;
			productName = Another_Music_Player_AppUITests;
			productReference = B425BCBE1E8260F900C5925B /* Another_Music_Player_AppUITests.xctest */;
			productType = "com.apple.product-type.bundle.ui-testing";
		};
/* End PBXNativeTarget section */

/* Begin PBXProject section */
		B425BC971E8260F800C5925B /* Project object */ = {
			isa = PBXProject;
			attributes = {
				LastSwiftUpdateCheck = 0820;
				LastUpgradeCheck = 0820;
				ORGANIZATIONNAME = "gai lowvapong";
				TargetAttributes = {
					B425BC9E1E8260F800C5925B = {
						CreatedOnToolsVersion = 8.2.1;
						ProvisioningStyle = Automatic;
					};
					B425BCB21E8260F900C5925B = {
						CreatedOnToolsVersion = 8.2.1;
						ProvisioningStyle = Automatic;
						TestTargetID = B425BC9E1E8260F800C5925B;
					};
					B425BCBD1E8260F900C5925B = {
						CreatedOnToolsVersion = 8.2.1;
						ProvisioningStyle = Automatic;
						TestTargetID = B425BC9E1E8260F800C5925B;
					};
				};
			};
			buildConfigurationList = B425BC9A1E8260F800C5925B /* Build configuration list for PBXProject "Another_Music_Player_App" */;
			compatibilityVersion = "Xcode 3.2";
			developmentRegion = English;
			hasScannedForEncodings = 0;
			knownRegions = (
				en,
				Base,
			);
			mainGroup = B425BC961E8260F800C5925B;
			productRefGroup = B425BCA01E8260F800C5925B /* Products */;
			projectDirPath = "";
			projectRoot = "";
			targets = (
				B425BC9E1E8260F800C5925B /* Another_Music_Player_App */,
				B425BCB21E8260F900C5925B /* Another_Music_Player_AppTests */,
				B425BCBD1E8260F900C5925B /* Another_Music_Player_AppUITests */,
			);
		};
/* End PBXProject section */

/* Begin PBXResourcesBuildPhase section */
		B425BC9D1E8260F800C5925B /* Resources */ = {
			isa = PBXResourcesBuildPhase;
			buildActionMask = 2147483647;
			files = (
				B425BD061E82885D00C5925B /* OneNightOnly.mp3 in Resources */,
				B425BCFA1E82885700C5925B /* ColdWater.mp3 in Resources */,
				B425BCEF1E82882500C5925B /* Hello.png in Resources */,
				B425BD041E82885D00C5925B /* KeepitMello.mp3 in Resources */,
				B425BCF11E82882500C5925B /* LoveonMe.png in Resources */,
				B425BCF41E82882500C5925B /* Wants.png in Resources */,
				B425BCF91E82885700C5925B /* BlowYourMind.mp3 in Resources */,
				B425BD051E82885D00C5925B /* LoveonMe.mp3 in Resources */,
				B425BD091E82885D00C5925B /* WhereThemGirlsAt.mp3 in Resources */,
				B425BCAD1E8260F900C5925B /* LaunchScreen.storyboard in Resources */,
				B425BCEE1E82882500C5925B /* ComeToMe.png in Resources */,
				B425BCA81E8260F900C5925B /* Main.storyboard in Resources */,
				B425BD071E82885D00C5925B /* ThinkingAboutYou.mp3 in Resources */,
				B425BCF21E82882500C5925B /* OneNightOnly.png in Resources */,
				B425BCF31E82882500C5925B /* ThinkingAboutYou.png in Resources */,
				B425BCED1E82882500C5925B /* ColdWater.png in Resources */,
				B425BCDF1E827A1F00C5925B /* default.mp3 in Resources */,
				B425BCEC1E82882400C5925B /* BlowYourMind.png in Resources */,
				B425BCF51E82882500C5925B /* WhereThemGirlsAt.png in Resources */,
				B425BD031E82885D00C5925B /* Hello.mp3 in Resources */,
				B425BCFB1E82885700C5925B /* ComeToMe.mp3 in Resources */,
				B425BD081E82885D00C5925B /* Wants.mp3 in Resources */,
				B425BCF01E82882500C5925B /* KeepitMello.png in Resources */,
			);
			runOnlyForDeploymentPostprocessing = 0;
		};
		B425BCB11E8260F900C5925B /* Resources */ = {
			isa = PBXResourcesBuildPhase;
			buildActionMask = 2147483647;
			files = (
			);
			runOnlyForDeploymentPostprocessing = 0;
		};
		B425BCBC1E8260F900C5925B /* Resources */ = {
			isa = PBXResourcesBuildPhase;
			buildActionMask = 2147483647;
			files = (
			);
			runOnlyForDeploymentPostprocessing = 0;
		};
/* End PBXResourcesBuildPhase section */

/* Begin PBXSourcesBuildPhase section */
		B425BC9B1E8260F800C5925B /* Sources */ = {
			isa = PBXSourcesBuildPhase;
			buildActionMask = 2147483647;
			files = (
				B425BCD11E8262E200C5925B /* LoginViewController.swift in Sources */,
				B425BCD31E8269FA00C5925B /* SongListViewController.swift in Sources */,
				B425BCD51E826DAD00C5925B /* ProfileViewController.swift in Sources */,
				B425BCA51E8260F900C5925B /* ViewController.swift in Sources */,
				B425BCA31E8260F800C5925B /* AppDelegate.swift in Sources */,
				B425BCD71E826DBF00C5925B /* SongPlayViewController.swift in Sources */,
			);
			runOnlyForDeploymentPostprocessing = 0;
		};
		B425BCAF1E8260F900C5925B /* Sources */ = {
			isa = PBXSourcesBuildPhase;
			buildActionMask = 2147483647;
			files = (
				B425BCB81E8260F900C5925B /* Another_Music_Player_AppTests.swift in Sources */,
			);
			runOnlyForDeploymentPostprocessing = 0;
		};
		B425BCBA1E8260F900C5925B /* Sources */ = {
			isa = PBXSourcesBuildPhase;
			buildActionMask = 2147483647;
			files = (
				B425BCC31E8260F900C5925B /* Another_Music_Player_AppUITests.swift in Sources */,
			);
			runOnlyForDeploymentPostprocessing = 0;
		};
/* End PBXSourcesBuildPhase section */

/* Begin PBXTargetDependency section */
		B425BCB51E8260F900C5925B /* PBXTargetDependency */ = {
			isa = PBXTargetDependency;
			target = B425BC9E1E8260F800C5925B /* Another_Music_Player_App */;
			targetProxy = B425BCB41E8260F900C5925B /* PBXContainerItemProxy */;
		};
		B425BCC01E8260F900C5925B /* PBXTargetDependency */ = {
			isa = PBXTargetDependency;
			target = B425BC9E1E8260F800C5925B /* Another_Music_Player_App */;
			targetProxy = B425BCBF1E8260F900C5925B /* PBXContainerItemProxy */;
		};
/* End PBXTargetDependency section */

/* Begin PBXVariantGroup section */
		B425BCA61E8260F900C5925B /* Main.storyboard */ = {
			isa = PBXVariantGroup;
			children = (
				B425BCA71E8260F900C5925B /* Base */,
			);
			name = Main.storyboard;
			sourceTree = "<group>";
		};
		B425BCAB1E8260F900C5925B /* LaunchScreen.storyboard */ = {
			isa = PBXVariantGroup;
			children = (
				B425BCAC1E8260F900C5925B /* Base */,
			);
			name = LaunchScreen.storyboard;
			sourceTree = "<group>";
		};
/* End PBXVariantGroup section */

/* Begin XCBuildConfiguration section */
		B425BCC51E8260F900C5925B /* Debug */ = {
			isa = XCBuildConfiguration;
			buildSettings = {
				ALWAYS_SEARCH_USER_PATHS = NO;
				CLANG_ANALYZER_NONNULL = YES;
				CLANG_CXX_LANGUAGE_STANDARD = "gnu++0x";
				CLANG_CXX_LIBRARY = "libc++";
				CLANG_ENABLE_MODULES = YES;
				CLANG_ENABLE_OBJC_ARC = YES;
				CLANG_WARN_BOOL_CONVERSION = YES;
				CLANG_WARN_CONSTANT_CONVERSION = YES;
				CLANG_WARN_DIRECT_OBJC_ISA_USAGE = YES_ERROR;
				CLANG_WARN_DOCUMENTATION_COMMENTS = YES;
				CLANG_WARN_EMPTY_BODY = YES;
				CLANG_WARN_ENUM_CONVERSION = YES;
				CLANG_WARN_INFINITE_RECURSION = YES;
				CLANG_WARN_INT_CONVERSION = YES;
				CLANG_WARN_OBJC_ROOT_CLASS = YES_ERROR;
				CLANG_WARN_SUSPICIOUS_MOVE = YES;
				CLANG_WARN_UNREACHABLE_CODE = YES;
				CLANG_WARN__DUPLICATE_METHOD_MATCH = YES;
				"CODE_SIGN_IDENTITY[sdk=iphoneos*]" = "iPhone Developer";
				COPY_PHASE_STRIP = NO;
				DEBUG_INFORMATION_FORMAT = dwarf;
				ENABLE_STRICT_OBJC_MSGSEND = YES;
				ENABLE_TESTABILITY = YES;
				GCC_C_LANGUAGE_STANDARD = gnu99;
				GCC_DYNAMIC_NO_PIC = NO;
				GCC_NO_COMMON_BLOCKS = YES;
				GCC_OPTIMIZATION_LEVEL = 0;
				GCC_PREPROCESSOR_DEFINITIONS = (
					"DEBUG=1",
					"$(inherited)",
				);
				GCC_WARN_64_TO_32_BIT_CONVERSION = YES;
				GCC_WARN_ABOUT_RETURN_TYPE = YES_ERROR;
				GCC_WARN_UNDECLARED_SELECTOR = YES;
				GCC_WARN_UNINITIALIZED_AUTOS = YES_AGGRESSIVE;
				GCC_WARN_UNUSED_FUNCTION = YES;
				GCC_WARN_UNUSED_VARIABLE = YES;
				IPHONEOS_DEPLOYMENT_TARGET = 10.2;
				MTL_ENABLE_DEBUG_INFO = YES;
				ONLY_ACTIVE_ARCH = YES;
				SDKROOT = iphoneos;
				SWIFT_ACTIVE_COMPILATION_CONDITIONS = DEBUG;
				SWIFT_OPTIMIZATION_LEVEL = "-Onone";
				TARGETED_DEVICE_FAMILY = "1,2";
			};
			name = Debug;
		};
		B425BCC61E8260F900C5925B /* Release */ = {
			isa = XCBuildConfiguration;
			buildSettings = {
				ALWAYS_SEARCH_USER_PATHS = NO;
				CLANG_ANALYZER_NONNULL = YES;
				CLANG_CXX_LANGUAGE_STANDARD = "gnu++0x";
				CLANG_CXX_LIBRARY = "libc++";
				CLANG_ENABLE_MODULES = YES;
				CLANG_ENABLE_OBJC_ARC = YES;
				CLANG_WARN_BOOL_CONVERSION = YES;
				CLANG_WARN_CONSTANT_CONVERSION = YES;
				CLANG_WARN_DIRECT_OBJC_ISA_USAGE = YES_ERROR;
				CLANG_WARN_DOCUMENTATION_COMMENTS = YES;
				CLANG_WARN_EMPTY_BODY = YES;
				CLANG_WARN_ENUM_CONVERSION = YES;
				CLANG_WARN_INFINITE_RECURSION = YES;
				CLANG_WARN_INT_CONVERSION = YES;
				CLANG_WARN_OBJC_ROOT_CLASS = YES_ERROR;
				CLANG_WARN_SUSPICIOUS_MOVE = YES;
				CLANG_WARN_UNREACHABLE_CODE = YES;
				CLANG_WARN__DUPLICATE_METHOD_MATCH = YES;
				"CODE_SIGN_IDENTITY[sdk=iphoneos*]" = "iPhone Developer";
				COPY_PHASE_STRIP = NO;
				DEBUG_INFORMATION_FORMAT = "dwarf-with-dsym";
				ENABLE_NS_ASSERTIONS = NO;
				ENABLE_STRICT_OBJC_MSGSEND = YES;
				GCC_C_LANGUAGE_STANDARD = gnu99;
				GCC_NO_COMMON_BLOCKS = YES;
				GCC_WARN_64_TO_32_BIT_CONVERSION = YES;
				GCC_WARN_ABOUT_RETURN_TYPE = YES_ERROR;
				GCC_WARN_UNDECLARED_SELECTOR = YES;
				GCC_WARN_UNINITIALIZED_AUTOS = YES_AGGRESSIVE;
				GCC_WARN_UNUSED_FUNCTION = YES;
				GCC_WARN_UNUSED_VARIABLE = YES;
				IPHONEOS_DEPLOYMENT_TARGET = 10.2;
				MTL_ENABLE_DEBUG_INFO = NO;
				SDKROOT = iphoneos;
				SWIFT_OPTIMIZATION_LEVEL = "-Owholemodule";
				TARGETED_DEVICE_FAMILY = "1,2";
				VALIDATE_PRODUCT = YES;
			};
			name = Release;
		};
		B425BCC81E8260F900C5925B /* Debug */ = {
			isa = XCBuildConfiguration;
			buildSettings = {
				ASSETCATALOG_COMPILER_APPICON_NAME = AppIcon;
				INFOPLIST_FILE = Another_Music_Player_App/Info.plist;
				LD_RUNPATH_SEARCH_PATHS = "$(inherited) @executable_path/Frameworks";
				PRODUCT_BUNDLE_IDENTIFIER = "co.th.Mumu.Another-Music-Player-App";
				PRODUCT_NAME = "$(TARGET_NAME)";
				SWIFT_VERSION = 3.0;
			};
			name = Debug;
		};
		B425BCC91E8260F900C5925B /* Release */ = {
			isa = XCBuildConfiguration;
			buildSettings = {
				ASSETCATALOG_COMPILER_APPICON_NAME = AppIcon;
				INFOPLIST_FILE = Another_Music_Player_App/Info.plist;
				LD_RUNPATH_SEARCH_PATHS = "$(inherited) @executable_path/Frameworks";
				PRODUCT_BUNDLE_IDENTIFIER = "co.th.Mumu.Another-Music-Player-App";
				PRODUCT_NAME = "$(TARGET_NAME)";
				SWIFT_VERSION = 3.0;
			};
			name = Release;
		};
		B425BCCB1E8260F900C5925B /* Debug */ = {
			isa = XCBuildConfiguration;
			buildSettings = {
				ALWAYS_EMBED_SWIFT_STANDARD_LIBRARIES = YES;
				BUNDLE_LOADER = "$(TEST_HOST)";
				INFOPLIST_FILE = Another_Music_Player_AppTests/Info.plist;
				LD_RUNPATH_SEARCH_PATHS = "$(inherited) @executable_path/Frameworks @loader_path/Frameworks";
				PRODUCT_BUNDLE_IDENTIFIER = "co.th.Mumu.Another-Music-Player-AppTests";
				PRODUCT_NAME = "$(TARGET_NAME)";
				SWIFT_VERSION = 3.0;
				TEST_HOST = "$(BUILT_PRODUCTS_DIR)/Another_Music_Player_App.app/Another_Music_Player_App";
			};
			name = Debug;
		};
		B425BCCC1E8260F900C5925B /* Release */ = {
			isa = XCBuildConfiguration;
			buildSettings = {
				ALWAYS_EMBED_SWIFT_STANDARD_LIBRARIES = YES;
				BUNDLE_LOADER = "$(TEST_HOST)";
				INFOPLIST_FILE = Another_Music_Player_AppTests/Info.plist;
				LD_RUNPATH_SEARCH_PATHS = "$(inherited) @executable_path/Frameworks @loader_path/Frameworks";
				PRODUCT_BUNDLE_IDENTIFIER = "co.th.Mumu.Another-Music-Player-AppTests";
				PRODUCT_NAME = "$(TARGET_NAME)";
				SWIFT_VERSION = 3.0;
				TEST_HOST = "$(BUILT_PRODUCTS_DIR)/Another_Music_Player_App.app/Another_Music_Player_App";
			};
			name = Release;
		};
		B425BCCE1E8260F900C5925B /* Debug */ = {
			isa = XCBuildConfiguration;
			buildSettings = {
				ALWAYS_EMBED_SWIFT_STANDARD_LIBRARIES = YES;
				INFOPLIST_FILE = Another_Music_Player_AppUITests/Info.plist;
				LD_RUNPATH_SEARCH_PATHS = "$(inherited) @executable_path/Frameworks @loader_path/Frameworks";
				PRODUCT_BUNDLE_IDENTIFIER = "co.th.Mumu.Another-Music-Player-AppUITests";
				PRODUCT_NAME = "$(TARGET_NAME)";
				SWIFT_VERSION = 3.0;
				TEST_TARGET_NAME = Another_Music_Player_App;
			};
			name = Debug;
		};
		B425BCCF1E8260F900C5925B /* Release */ = {
			isa = XCBuildConfiguration;
			buildSettings = {
				ALWAYS_EMBED_SWIFT_STANDARD_LIBRARIES = YES;
				INFOPLIST_FILE = Another_Music_Player_AppUITests/Info.plist;
				LD_RUNPATH_SEARCH_PATHS = "$(inherited) @executable_path/Frameworks @loader_path/Frameworks";
				PRODUCT_BUNDLE_IDENTIFIER = "co.th.Mumu.Another-Music-Player-AppUITests";
				PRODUCT_NAME = "$(TARGET_NAME)";
				SWIFT_VERSION = 3.0;
				TEST_TARGET_NAME = Another_Music_Player_App;
			};
			name = Release;
		};
/* End XCBuildConfiguration section */

/* Begin XCConfigurationList section */
		B425BC9A1E8260F800C5925B /* Build configuration list for PBXProject "Another_Music_Player_App" */ = {
			isa = XCConfigurationList;
			buildConfigurations = (
				B425BCC51E8260F900C5925B /* Debug */,
				B425BCC61E8260F900C5925B /* Release */,
			);
			defaultConfigurationIsVisible = 0;
			defaultConfigurationName = Release;
		};
		B425BCC71E8260F900C5925B /* Build configuration list for PBXNativeTarget "Another_Music_Player_App" */ = {
			isa = XCConfigurationList;
			buildConfigurations = (
				B425BCC81E8260F900C5925B /* Debug */,
				B425BCC91E8260F900C5925B /* Release */,
			);
			defaultConfigurationIsVisible = 0;
		};
		B425BCCA1E8260F900C5925B /* Build configuration list for PBXNativeTarget "Another_Music_Player_AppTests" */ = {
			isa = XCConfigurationList;
			buildConfigurations = (
				B425BCCB1E8260F900C5925B /* Debug */,
				B425BCCC1E8260F900C5925B /* Release */,
			);
			defaultConfigurationIsVisible = 0;
		};
		B425BCCD1E8260F900C5925B /* Build configuration list for PBXNativeTarget "Another_Music_Player_AppUITests" */ = {
			isa = XCConfigurationList;
			buildConfigurations = (
				B425BCCE1E8260F900C5925B /* Debug */,
				B425BCCF1E8260F900C5925B /* Release */,
			);
			defaultConfigurationIsVisible = 0;
		};
/* End XCConfigurationList section */
	};
	rootObject = B425BC971E8260F800C5925B /* Project object */;
}
